{
  "name": "prd-to-gherkin",
  "lockfileVersion": 3,
  "requires": true,
  "packages": {
    "": {
      "dependencies": {
        "@cucumber/gherkin": "^41.0.0",
        "@cucumber/messages": "^33.0.3",
        "js-yaml": "^4.1.0"
      }
    },
    "node_modules/@cucumber/gherkin": {
      "version": "41.0.0",
      "resolved": "https://registry.npmjs.org/@cucumber/gherkin/-/gherkin-41.0.0.tgz",
      "integrity": "sha512-pKGx1EzNjtWbpw74kEevKDMj71dF3ZSaFJpLYuWVvRZKe+Cwoq5iEkuMaELIg1jxIu8jH/A2HPMpMR8UBvdG0w==",
      "license": "MIT",
      "dependencies": {
        "@cucumber/messages": ">=31.0.0 <34"
      }
    },
    "node_modules/@cucumber/messages": {
      "version": "33.0.3",
      "resolved": "https://registry.npmjs.org/@cucumber/messages/-/messages-33.0.3.tgz",
      "integrity": "sha512-5Afh4Yu4sVBlY0KXO/QLIx8UE6QrMJCnFfP0JOp40XS0NUlZ0Om8ItW3alc/QN0pt/melVzoanPLk0j1i4HgIQ==",
      "license": "MIT"
    },
    "node_modules/argparse": {
      "version": "2.0.1",
      "resolved": "https://registry.npmjs.org/argparse/-/argparse-2.0.1.tgz",
      "integrity": "sha512-8+9WqebbFzpX9OR+Wa6O29asIogeRMzcGtAINdpMHHyAg10f05aSFVBbcEqGf/PXw1EjAZ+q2/bEBg3DvurK3Q==",
      "license": "Python-2.0"
    },
    "node_modules/js-yaml": {
      "version": "4.3.0",
      "resolved": "https://registry.npmjs.org/js-yaml/-/js-yaml-4.3.0.tgz",
      "integrity": "sha512-1td788aAnnZ5qs7V2QIRl1owjtYpbKt749Y3xauqQgwIIGF/xXWz1wMTEBx5O3LK3lXLVuqXPdPxj2BoFHaW9Q==",
      "funding": [
        {
          "type": "github",
          "url": "https://github.com/sponsors/puzrin"
        },
        {
          "type": "github",
          "url": "https://github.com/sponsors/nodeca"
        }
      ],
      "license": "MIT",
      "dependencies": {
        "argparse": "^2.0.1"
      },
      "bin": {
        "js-yaml": "bin/js-yaml.js"
      }
    }
  }
}
